<?xml version="1.0" encoding="utf-8"?>
<Project ToolsVersion="4.0" xmlns="http://schemas.microsoft.com/developer/msbuild/2003">
  <ItemGroup>
    <Filter Include="Source Files">
      <UniqueIdentifier>{4FC737F1-C7A5-4376-A066-2A32D752A2FF}</UniqueIdentifier>
      <Extensions>cpp;c;cc;cxx;c++;cppm;ixx;def;odl;idl;hpj;bat;asm;asmx</Extensions>
    </Filter>
    <Filter Include="Header Files">
      <UniqueIdentifier>{93995380-89BD-4b04-88EB-625FBE52EBFB}</UniqueIdentifier>
      <Extensions>h;hh;hpp;hxx;h++;hm;inl;inc;ipp;xsd</Extensions>
    </Filter>
    <Filter Include="Resource Files">
      <UniqueIdentifier>{67DA6AB6-F800-4c08-8B7A-83BB121AAD01}</UniqueIdentifier>
      <Extensions>rc;ico;cur;bmp;dlg;rc2;rct;bin;rgs;gif;jpg;jpeg;jpe;resx;tiff;tif;png;wav;mfcribbon-ms</Extensions>
    </Filter>
  </ItemGroup>
  <ItemGroup>
    <ClCompile Include="Tanks.cpp">
      <Filter>Source Files</Filter>
    </ClCompile>
    <ClCompile Include="Application.cpp">
      <Filter>Source Files</Filter>
    </ClCompile>
    <ClCompile Include="Game.cpp">
      <Filter>Source Files</Filter>
    </ClCompile>
    <ClCompile Include="Tank.cpp">
      <Filter>Source Files</Filter>
    </ClCompile>
    <ClCompile Include="Tile.cpp">
      <Filter>Source Files</Filter>
    </ClCompile>
    <ClCompile Include="TileMap.cpp">
      <Filter>Source Files</Filter>
    </ClCompile>
    <ClCompile Include="ControllableTank.cpp">
      <Filter>Source Files</Filter>
    </ClCompile>
    <ClCompile Include="GrassTile.cpp">
      <Filter>Source Files</Filter>
    </ClCompile>
    <ClCompile Include="BrickTile.cpp">
      <Filter>Source Files</Filter>
    </ClCompile>
    <ClCompile Include="WaterTile.cpp">
      <Filter>Source Files</Filter>
    </ClCompile>
    <ClCompile Include="BushTile.cpp">
      <Filter>Source Files</Filter>
    </ClCompile>
    <ClCompile Include="Projectile.cpp">
      <Filter>Source Files</Filter>
    </ClCompile>
    <ClCompile Include="AiTank.cpp">
      <Filter>Source Files</Filter>
    </ClCompile>
    <ClCompile Include="Animation.cpp">
      <Filter>Source Files</Filter>
    </ClCompile>
    <ClCompile Include="Base.cpp">
      <Filter>Source Files</Filter>
    </ClCompile>
    <ClCompile Include="BrainAtk.cpp">
      <Filter>Source Files</Filter>
    </ClCompile>
    <ClCompile Include="TextureManager.cpp">
      <Filter>Source Files</Filter>
    </ClCompile>
    <ClCompile Include="Command.cpp">
      <Filter>Source Files</Filter>
    </ClCompile>
    <ClCompile Include="FireCommand.cpp">
      <Filter>Source Files</Filter>
    </ClCompile>
    <ClCompile Include="Observer.cpp">
      <Filter>Source Files</Filter>
    </ClCompile>
    <ClCompile Include="HeaderTile.cpp">
      <Filter>Source Files</Filter>
    </ClCompile>
    <ClCompile Include="AudioObserver.cpp">
      <Filter>Source Files</Filter>
    </ClCompile>
    <ClCompile Include="AnimationObserver.cpp">
      <Filter>Source Files</Filter>
    </ClCompile>
    <ClCompile Include="PowerUp.cpp">
      <Filter>Source Files</Filter>
    </ClCompile>
    <ClCompile Include="SpeedBoostPowerUp.cpp">
      <Filter>Source Files</Filter>
    </ClCompile>
    <ClCompile Include="BoostSprite.cpp">
      <Filter>Source Files</Filter>
    </ClCompile>
    <ClCompile Include="LifeBoostPowerUp.cpp">
      <Filter>Source Files</Filter>
    </ClCompile>
    <ClCompile Include="InputEventQueue.cpp">
      <Filter>Source Files</Filter>
    </ClCompile>
    <ClCompile Include="TeleportCommand.cpp">
      <Filter>Source Files</Filter>
    </ClCompile>
  </ItemGroup>
  <ItemGroup>
    <ClInclude Include="Application.h">
      <Filter>Header Files</Filter>
    </ClInclude>
    <ClInclude Include="Game.h">
      <Filter>Header Files</Filter>
    </ClInclude>
    <ClInclude Include="Tank.h">
      <Filter>Header Files</Filter>
    </ClInclude>
    <ClInclude Include="Tile.h">
      <Filter>Header Files</Filter>
    </ClInclude>
    <ClInclude Include="TileMap.h">
      <Filter>Header Files</Filter>
    </ClInclude>
    <ClInclude Include="ControllableTank.h">
      <Filter>Header Files</Filter>
    </ClInclude>
    <ClInclude Include="GrassTile.h">
      <Filter>Header Files</Filter>
    </ClInclude>
    <ClInclude Include="BrickTile.h">
      <Filter>Header Files</Filter>
    </ClInclude>
    <ClInclude Include="WaterTile.h">
      <Filter>Header Files</Filter>
    </ClInclude>
    <ClInclude Include="BushTile.h">
      <Filter>Header Files</Filter>
    </ClInclude>
    <ClInclude Include="Projectile.h">
      <Filter>Header Files</Filter>
    </ClInclude>
    <ClInclude Include="AiTank.h">
      <Filter>Header Files</Filter>
    </ClInclude>
    <ClInclude Include="Animation.h">
      <Filter>Header Files</Filter>
    </ClInclude>
    <ClInclude Include="Base.h">
      <Filter>Header Files</Filter>
    </ClInclude>
    <ClInclude Include="BrainAtk.h">
      <Filter>Header Files</Filter>
    </ClInclude>
    <ClInclude Include="TextureManager.h">
      <Filter>Header Files</Filter>
    </ClInclude>
    <ClInclude Include="Command.h">
      <Filter>Header Files</Filter>
    </ClInclude>
    <ClInclude Include="FireCommand.h">
      <Filter>Header Files</Filter>
    </ClInclude>
    <ClInclude Include="Observer.h">
      <Filter>Header Files</Filter>
    </ClInclude>
    <ClInclude Include="HeaderTile.h">
      <Filter>Header Files</Filter>
    </ClInclude>
    <ClInclude Include="AudioObserver.h">
      <Filter>Header Files</Filter>
    </ClInclude>
    <ClInclude Include="AnimationObserver.h">
      <Filter>Header Files</Filter>
    </ClInclude>
    <ClInclude Include="PowerUp.h">
      <Filter>Header Files</Filter>
    </ClInclude>
    <ClInclude Include="SpeedBoostPowerUp.h">
      <Filter>Header Files</Filter>
    </ClInclude>
    <ClInclude Include="BoostSprite.h">
      <Filter>Header Files</Filter>
    </ClInclude>
    <ClInclude Include="LifeBoostPowerUp.h">
      <Filter>Header Files</Filter>
    </ClInclude>
    <ClInclude Include="InputEventQueue.h">
      <Filter>Header Files</Filter>
    </ClInclude>
    <ClInclude Include="Events.h">
      <Filter>Header Files</Filter>
    </ClInclude>
    <ClInclude Include="TeleportCommand.h">
      <Filter>Header Files</Filter>
    </ClInclude>
    <ClInclude Include="InputKeys.h">
      <Filter>Header Files</Filter>
    </ClInclude>
  </ItemGroup>
</Project>